// !$*UTF8*$!
{
	archiveVersion = 1;
	classes = {
	};
	objectVersion = 55;
	objects = {

/* Begin PBXBuildFile section */
		518F3994285DDC0600B8C755 /* TravelToKeelungSwiftUIApp.swift in Sources */ = {isa = PBXBuildFile; fileRef = 518F3993285DDC0600B8C755 /* TravelToKeelungSwiftUIApp.swift */; };
		518F3996285DDC0600B8C755 /* ContentView.swift in Sources */ = {isa = PBXBuildFile; fileRef = 518F3995285DDC0600B8C755 /* ContentView.swift */; };
		518F3998285DDC0800B8C755 /* Assets.xcassets in Resources */ = {isa = PBXBuildFile; fileRef = 518F3997285DDC0800B8C755 /* Assets.xcassets */; };
		518F399B285DDC0800B8C755 /* Preview Assets.xcassets in Resources */ = {isa = PBXBuildFile; fileRef = 518F399A285DDC0800B8C755 /* Preview Assets.xcassets */; };
		518F39AA285DDF8400B8C755 /* Location.swift in Sources */ = {isa = PBXBuildFile; fileRef = 518F39A9285DDF8400B8C755 /* Location.swift */; };
		51EBBDAB285F81D000513E36 /* LocationMapAnnotationView.swift in Sources */ = {isa = PBXBuildFile; fileRef = 51EBBDAA285F81D000513E36 /* LocationMapAnnotationView.swift */; };
		51EBBDAD285F86CC00513E36 /* LocationDetailView.swift in Sources */ = {isa = PBXBuildFile; fileRef = 51EBBDAC285F86CB00513E36 /* LocationDetailView.swift */; };
		51F28874285F14CE00F84B33 /* KeelungCoastView.json in Resources */ = {isa = PBXBuildFile; fileRef = 51F28873285F14CE00F84B33 /* KeelungCoastView.json */; };
		51F28876285F4EE800F84B33 /* DataService.swift in Sources */ = {isa = PBXBuildFile; fileRef = 51F28875285F4EE800F84B33 /* DataService.swift */; };
		51F28878285F538400F84B33 /* LocationsView.swift in Sources */ = {isa = PBXBuildFile; fileRef = 51F28877285F538400F84B33 /* LocationsView.swift */; };
		51F2887A285F563000F84B33 /* LocationViewModel.swift in Sources */ = {isa = PBXBuildFile; fileRef = 51F28879285F563000F84B33 /* LocationViewModel.swift */; };
		51F2887C285F5C4200F84B33 /* LocationsListView.swift in Sources */ = {isa = PBXBuildFile; fileRef = 51F2887B285F5C4200F84B33 /* LocationsListView.swift */; };
		51F28881285F741100F84B33 /* LocationPreview.swift in Sources */ = {isa = PBXBuildFile; fileRef = 51F28880285F741100F84B33 /* LocationPreview.swift */; };
		51FCEA232870224E00A34B24 /* LaunchScreenView.swift in Sources */ = {isa = PBXBuildFile; fileRef = 51FCEA222870224E00A34B24 /* LaunchScreenView.swift */; };
		51FCEA252870274100A34B24 /* LaunchScreenManager.swift in Sources */ = {isa = PBXBuildFile; fileRef = 51FCEA242870274100A34B24 /* LaunchScreenManager.swift */; };
		FD80C92A28603B65003CAB02 /* SDWebImageSwiftUI in Frameworks */ = {isa = PBXBuildFile; productRef = FD80C92928603B65003CAB02 /* SDWebImageSwiftUI */; };
/* End PBXBuildFile section */

/* Begin PBXFileReference section */
		518F3990285DDC0600B8C755 /* 基隆來企頭.app */ = {isa = PBXFileReference; explicitFileType = wrapper.application; includeInIndex = 0; path = "基隆來企頭.app"; sourceTree = BUILT_PRODUCTS_DIR; };
		518F3993285DDC0600B8C755 /* TravelToKeelungSwiftUIApp.swift */ = {isa = PBXFileReference; lastKnownFileType = sourcecode.swift; path = TravelToKeelungSwiftUIApp.swift; sourceTree = "<group>"; };
		518F3995285DDC0600B8C755 /* ContentView.swift */ = {isa = PBXFileReference; lastKnownFileType = sourcecode.swift; path = ContentView.swift; sourceTree = "<group>"; };
		518F3997285DDC0800B8C755 /* Assets.xcassets */ = {isa = PBXFileReference; lastKnownFileType = folder.assetcatalog; path = Assets.xcassets; sourceTree = "<group>"; };
		518F399A285DDC0800B8C755 /* Preview Assets.xcassets */ = {isa = PBXFileReference; lastKnownFileType = folder.assetcatalog; path = "Preview Assets.xcassets"; sourceTree = "<group>"; };
		518F39A9285DDF8400B8C755 /* Location.swift */ = {isa = PBXFileReference; lastKnownFileType = sourcecode.swift; path = Location.swift; sourceTree = "<group>"; };
		51EBBDAA285F81D000513E36 /* LocationMapAnnotationView.swift */ = {isa = PBXFileReference; lastKnownFileType = sourcecode.swift; path = LocationMapAnnotationView.swift; sourceTree = "<group>"; };
		51EBBDAC285F86CB00513E36 /* LocationDetailView.swift */ = {isa = PBXFileReference; lastKnownFileType = sourcecode.swift; path = LocationDetailView.swift; sourceTree = "<group>"; };
		51F28873285F14CE00F84B33 /* KeelungCoastView.json */ = {isa = PBXFileReference; fileEncoding = 4; lastKnownFileType = text.json; path = KeelungCoastView.json; sourceTree = "<group>"; };
		51F28875285F4EE800F84B33 /* DataService.swift */ = {isa = PBXFileReference; lastKnownFileType = sourcecode.swift; path = DataService.swift; sourceTree = "<group>"; };
		51F28877285F538400F84B33 /* LocationsView.swift */ = {isa = PBXFileReference; lastKnownFileType = sourcecode.swift; path = LocationsView.swift; sourceTree = "<group>"; };
		51F28879285F563000F84B33 /* LocationViewModel.swift */ = {isa = PBXFileReference; lastKnownFileType = sourcecode.swift; path = LocationViewModel.swift; sourceTree = "<group>"; };
		51F2887B285F5C4200F84B33 /* LocationsListView.swift */ = {isa = PBXFileReference; lastKnownFileType = sourcecode.swift; path = LocationsListView.swift; sourceTree = "<group>"; };
		51F28880285F741100F84B33 /* LocationPreview.swift */ = {isa = PBXFileReference; lastKnownFileType = sourcecode.swift; path = LocationPreview.swift; sourceTree = "<group>"; };
		51FCEA222870224E00A34B24 /* LaunchScreenView.swift */ = {isa = PBXFileReference; lastKnownFileType = sourcecode.swift; path = LaunchScreenView.swift; sourceTree = "<group>"; };
		51FCEA242870274100A34B24 /* LaunchScreenManager.swift */ = {isa = PBXFileReference; lastKnownFileType = sourcecode.swift; path = LaunchScreenManager.swift; sourceTree = "<group>"; };
/* End PBXFileReference section */

/* Begin PBXFrameworksBuildPhase section */
		518F398D285DDC0600B8C755 /* Frameworks */ = {
			isa = PBXFrameworksBuildPhase;
			buildActionMask = 2147483647;
			files = (
				FD80C92A28603B65003CAB02 /* SDWebImageSwiftUI in Frameworks */,
			);
			runOnlyForDeploymentPostprocessing = 0;
		};
/* End PBXFrameworksBuildPhase section */

/* Begin PBXGroup section */
		518F3987285DDC0600B8C755 = {
			isa = PBXGroup;
			children = (
				518F3992285DDC0600B8C755 /* TravelToKeelungSwiftUI */,
				518F3991285DDC0600B8C755 /* Products */,
			);
			sourceTree = "<group>";
		};
		518F3991285DDC0600B8C755 /* Products */ = {
			isa = PBXGroup;
			children = (
				518F3990285DDC0600B8C755 /* 基隆來企頭.app */,
			);
			name = Products;
			sourceTree = "<group>";
		};
		518F3992285DDC0600B8C755 /* TravelToKeelungSwiftUI */ = {
			isa = PBXGroup;
			children = (
				51F28873285F14CE00F84B33 /* KeelungCoastView.json */,
				518F39A6285DDDE000B8C755 /* Models */,
				518F39A5285DDDD900B8C755 /* ViewModels */,
				518F39A4285DDDD200B8C755 /* Views */,
				518F3993285DDC0600B8C755 /* TravelToKeelungSwiftUIApp.swift */,
				51FCEA222870224E00A34B24 /* LaunchScreenView.swift */,
				518F3997285DDC0800B8C755 /* Assets.xcassets */,
				518F3999285DDC0800B8C755 /* Preview Content */,
			);
			path = TravelToKeelungSwiftUI;
			sourceTree = "<group>";
		};
		518F3999285DDC0800B8C755 /* Preview Content */ = {
			isa = PBXGroup;
			children = (
				518F399A285DDC0800B8C755 /* Preview Assets.xcassets */,
			);
			path = "Preview Content";
			sourceTree = "<group>";
		};
		518F39A4285DDDD200B8C755 /* Views */ = {
			isa = PBXGroup;
			children = (
				518F3995285DDC0600B8C755 /* ContentView.swift */,
				51F28877285F538400F84B33 /* LocationsView.swift */,
				51F2887B285F5C4200F84B33 /* LocationsListView.swift */,
				51F28880285F741100F84B33 /* LocationPreview.swift */,
				51EBBDAA285F81D000513E36 /* LocationMapAnnotationView.swift */,
				51EBBDAC285F86CB00513E36 /* LocationDetailView.swift */,
			);
			path = Views;
			sourceTree = "<group>";
		};
		518F39A5285DDDD900B8C755 /* ViewModels */ = {
			isa = PBXGroup;
			children = (
				51F28875285F4EE800F84B33 /* DataService.swift */,
				51F28879285F563000F84B33 /* LocationViewModel.swift */,
				51FCEA242870274100A34B24 /* LaunchScreenManager.swift */,
			);
			path = ViewModels;
			sourceTree = "<group>";
		};
		518F39A6285DDDE000B8C755 /* Models */ = {
			isa = PBXGroup;
			children = (
				518F39A9285DDF8400B8C755 /* Location.swift */,
			);
			path = Models;
			sourceTree = "<group>";
		};
/* End PBXGroup section */

/* Begin PBXNativeTarget section */
		518F398F285DDC0600B8C755 /* TravelToKeelungSwiftUI */ = {
			isa = PBXNativeTarget;
			buildConfigurationList = 518F399E285DDC0800B8C755 /* Build configuration list for PBXNativeTarget "TravelToKeelungSwiftUI" */;
			buildPhases = (
				518F398C285DDC0600B8C755 /* Sources */,
				518F398D285DDC0600B8C755 /* Frameworks */,
				518F398E285DDC0600B8C755 /* Resources */,
			);
			buildRules = (
			);
			dependencies = (
			);
			name = TravelToKeelungSwiftUI;
			packageProductDependencies = (
				FD80C92928603B65003CAB02 /* SDWebImageSwiftUI */,
			);
			productName = TravelToKeelungSwiftUI;
			productReference = 518F3990285DDC0600B8C755 /* 基隆來企頭.app */;
			productType = "com.apple.product-type.application";
		};
/* End PBXNativeTarget section */

/* Begin PBXProject section */
		518F3988285DDC0600B8C755 /* Project object */ = {
			isa = PBXProject;
			attributes = {
				BuildIndependentTargetsInParallel = 1;
				LastSwiftUpdateCheck = 1340;
				LastUpgradeCheck = 1340;
				TargetAttributes = {
					518F398F285DDC0600B8C755 = {
						CreatedOnToolsVersion = 13.4;
					};
				};
			};
			buildConfigurationList = 518F398B285DDC0600B8C755 /* Build configuration list for PBXProject "TravelToKeelungSwiftUI" */;
			compatibilityVersion = "Xcode 13.0";
			developmentRegion = en;
			hasScannedForEncodings = 0;
			knownRegions = (
				en,
				Base,
			);
			mainGroup = 518F3987285DDC0600B8C755;
			packageReferences = (
				FD80C92828603B65003CAB02 /* XCRemoteSwiftPackageReference "SDWebImageSwiftUI" */,
			);
			productRefGroup = 518F3991285DDC0600B8C755 /* Products */;
			projectDirPath = "";
			projectRoot = "";
			targets = (
				518F398F285DDC0600B8C755 /* TravelToKeelungSwiftUI */,
			);
		};
/* End PBXProject section */

/* Begin PBXResourcesBuildPhase section */
		518F398E285DDC0600B8C755 /* Resources */ = {
			isa = PBXResourcesBuildPhase;
			buildActionMask = 2147483647;
			files = (
				51F28874285F14CE00F84B33 /* KeelungCoastView.json in Resources */,
				518F399B285DDC0800B8C755 /* Preview Assets.xcassets in Resources */,
				518F3998285DDC0800B8C755 /* Assets.xcassets in Resources */,
			);
			runOnlyForDeploymentPostprocessing = 0;
		};
/* End PBXResourcesBuildPhase section */

/* Begin PBXSourcesBuildPhase section */
		518F398C285DDC0600B8C755 /* Sources */ = {
			isa = PBXSourcesBuildPhase;
			buildActionMask = 2147483647;
			files = (
				518F3996285DDC0600B8C755 /* ContentView.swift in Sources */,
				51EBBDAB285F81D000513E36 /* LocationMapAnnotationView.swift in Sources */,
				51F2887C285F5C4200F84B33 /* LocationsListView.swift in Sources */,
				51F2887A285F563000F84B33 /* LocationViewModel.swift in Sources */,
				51F28881285F741100F84B33 /* LocationPreview.swift in Sources */,
				518F39AA285DDF8400B8C755 /* Location.swift in Sources */,
				51F28878285F538400F84B33 /* LocationsView.swift in Sources */,
				51F28876285F4EE800F84B33 /* DataService.swift in Sources */,
				51FCEA232870224E00A34B24 /* LaunchScreenView.swift in Sources */,
				51EBBDAD285F86CC00513E36 /* LocationDetailView.swift in Sources */,
				51FCEA252870274100A34B24 /* LaunchScreenManager.swift in Sources */,
				518F3994285DDC0600B8C755 /* TravelToKeelungSwiftUIApp.swift in Sources */,
			);
			runOnlyForDeploymentPostprocessing = 0;
		};
/* End PBXSourcesBuildPhase section */

/* Begin XCBuildConfiguration section */
		518F399C285DDC0800B8C755 /* Debug */ = {
			isa = XCBuildConfiguration;
			buildSettings = {
				ALWAYS_SEARCH_USER_PATHS = NO;
				CLANG_ANALYZER_NONNULL = YES;
				CLANG_ANALYZER_NUMBER_OBJECT_CONVERSION = YES_AGGRESSIVE;
				CLANG_CXX_LANGUAGE_STANDARD = "gnu++17";
				CLANG_ENABLE_MODULES = YES;
				CLANG_ENABLE_OBJC_ARC = YES;
				CLANG_ENABLE_OBJC_WEAK = YES;
				CLANG_WARN_BLOCK_CAPTURE_AUTORELEASING = YES;
				CLANG_WARN_BOOL_CONVERSION = YES;
				CLANG_WARN_COMMA = YES;
				CLANG_WARN_CONSTANT_CONVERSION = YES;
				CLANG_WARN_DEPRECATED_OBJC_IMPLEMENTATIONS = YES;
				CLANG_WARN_DIRECT_OBJC_ISA_USAGE = YES_ERROR;
				CLANG_WARN_DOCUMENTATION_COMMENTS = YES;
				CLANG_WARN_EMPTY_BODY = YES;
				CLANG_WARN_ENUM_CONVERSION = YES;
				CLANG_WARN_INFINITE_RECURSION = YES;
				CLANG_WARN_INT_CONVERSION = YES;
				CLANG_WARN_NON_LITERAL_NULL_CONVERSION = YES;
				CLANG_WARN_OBJC_IMPLICIT_RETAIN_SELF = YES;
				CLANG_WARN_OBJC_LITERAL_CONVERSION = YES;
				CLANG_WARN_OBJC_ROOT_CLASS = YES_ERROR;
				CLANG_WARN_QUOTED_INCLUDE_IN_FRAMEWORK_HEADER = YES;
				CLANG_WARN_RANGE_LOOP_ANALYSIS = YES;
				CLANG_WARN_STRICT_PROTOTYPES = YES;
				CLANG_WARN_SUSPICIOUS_MOVE = YES;
				CLANG_WARN_UNGUARDED_AVAILABILITY = YES_AGGRESSIVE;
				CLANG_WARN_UNREACHABLE_CODE = YES;
				CLANG_WARN__DUPLICATE_METHOD_MATCH = YES;
				COPY_PHASE_STRIP = NO;
				DEBUG_INFORMATION_FORMAT = dwarf;
				ENABLE_STRICT_OBJC_MSGSEND = YES;
				ENABLE_TESTABILITY = YES;
				GCC_C_LANGUAGE_STANDARD = gnu11;
				GCC_DYNAMIC_NO_PIC = NO;
				GCC_NO_COMMON_BLOCKS = YES;
				GCC_OPTIMIZATION_LEVEL = 0;
				GCC_PREPROCESSOR_DEFINITIONS = (
					"DEBUG=1",
					"$(inherited)",
				);
				GCC_WARN_64_TO_32_BIT_CONVERSION = YES;
				GCC_WARN_ABOUT_RETURN_TYPE = YES_ERROR;
				GCC_WARN_UNDECLARED_SELECTOR = YES;
				GCC_WARN_UNINITIALIZED_AUTOS = YES_AGGRESSIVE;
				GCC_WARN_UNUSED_FUNCTION = YES;
				GCC_WARN_UNUSED_VARIABLE = YES;
				IPHONEOS_DEPLOYMENT_TARGET = 15.0;
				MTL_ENABLE_DEBUG_INFO = INCLUDE_SOURCE;
				MTL_FAST_MATH = YES;
				ONLY_ACTIVE_ARCH = YES;
				SDKROOT = iphoneos;
				SWIFT_ACTIVE_COMPILATION_CONDITIONS = DEBUG;
				SWIFT_OPTIMIZATION_LEVEL = "-Onone";
			};
			name = Debug;
		};
		518F399D285DDC0800B8C755 /* Release */ = {
			isa = XCBuildConfiguration;
			buildSettings = {
				ALWAYS_SEARCH_USER_PATHS = NO;
				CLANG_ANALYZER_NONNULL = YES;
				CLANG_ANALYZER_NUMBER_OBJECT_CONVERSION = YES_AGGRESSIVE;
				CLANG_CXX_LANGUAGE_STANDARD = "gnu++17";
				CLANG_ENABLE_MODULES = YES;
				CLANG_ENABLE_OBJC_ARC = YES;
				CLANG_ENABLE_OBJC_WEAK = YES;
				CLANG_WARN_BLOCK_CAPTURE_AUTORELEASING = YES;
				CLANG_WARN_BOOL_CONVERSION = YES;
				CLANG_WARN_COMMA = YES;
				CLANG_WARN_CONSTANT_CONVERSION = YES;
				CLANG_WARN_DEPRECATED_OBJC_IMPLEMENTATIONS = YES;
				CLANG_WARN_DIRECT_OBJC_ISA_USAGE = YES_ERROR;
				CLANG_WARN_DOCUMENTATION_COMMENTS = YES;
				CLANG_WARN_EMPTY_BODY = YES;
				CLANG_WARN_ENUM_CONVERSION = YES;
				CLANG_WARN_INFINITE_RECURSION = YES;
				CLANG_WARN_INT_CONVERSION = YES;
				CLANG_WARN_NON_LITERAL_NULL_CONVERSION = YES;
				CLANG_WARN_OBJC_IMPLICIT_RETAIN_SELF = YES;
				CLANG_WARN_OBJC_LITERAL_CONVERSION = YES;
				CLANG_WARN_OBJC_ROOT_CLASS = YES_ERROR;
				CLANG_WARN_QUOTED_INCLUDE_IN_FRAMEWORK_HEADER = YES;
				CLANG_WARN_RANGE_LOOP_ANALYSIS = YES;
				CLANG_WARN_STRICT_PROTOTYPES = YES;
				CLANG_WARN_SUSPICIOUS_MOVE = YES;
				CLANG_WARN_UNGUARDED_AVAILABILITY = YES_AGGRESSIVE;
				CLANG_WARN_UNREACHABLE_CODE = YES;
				CLANG_WARN__DUPLICATE_METHOD_MATCH = YES;
				COPY_PHASE_STRIP = NO;
				DEBUG_INFORMATION_FORMAT = "dwarf-with-dsym";
				ENABLE_NS_ASSERTIONS = NO;
				ENABLE_STRICT_OBJC_MSGSEND = YES;
				GCC_C_LANGUAGE_STANDARD = gnu11;
				GCC_NO_COMMON_BLOCKS = YES;
				GCC_WARN_64_TO_32_BIT_CONVERSION = YES;
				GCC_WARN_ABOUT_RETURN_TYPE = YES_ERROR;
				GCC_WARN_UNDECLARED_SELECTOR = YES;
				GCC_WARN_UNINITIALIZED_AUTOS = YES_AGGRESSIVE;
				GCC_WARN_UNUSED_FUNCTION = YES;
				GCC_WARN_UNUSED_VARIABLE = YES;
				IPHONEOS_DEPLOYMENT_TARGET = 15.0;
				MTL_ENABLE_DEBUG_INFO = NO;
				MTL_FAST_MATH = YES;
				SDKROOT = iphoneos;
				SWIFT_COMPILATION_MODE = wholemodule;
				SWIFT_OPTIMIZATION_LEVEL = "-O";
				VALIDATE_PRODUCT = YES;
			};
			name = Release;
		};
		518F399F285DDC0800B8C755 /* Debug */ = {
			isa = XCBuildConfiguration;
			buildSettings = {
				ASSETCATALOG_COMPILER_APPICON_NAME = AppIcon;
				ASSETCATALOG_COMPILER_GLOBAL_ACCENT_COLOR_NAME = AccentColor;
				CODE_SIGN_STYLE = Automatic;
				CURRENT_PROJECT_VERSION = 3;
				DEVELOPMENT_ASSET_PATHS = "\"TravelToKeelungSwiftUI/Preview Content\"";
				DEVELOPMENT_TEAM = 48394HVWDA;
				ENABLE_PREVIEWS = YES;
				GENERATE_INFOPLIST_FILE = YES;
				INFOPLIST_KEY_UIApplicationSceneManifest_Generation = YES;
				INFOPLIST_KEY_UIApplicationSupportsIndirectInputEvents = YES;
				INFOPLIST_KEY_UILaunchScreen_Generation = YES;
				INFOPLIST_KEY_UISupportedInterfaceOrientations = "UIInterfaceOrientationPortrait UIInterfaceOrientationPortraitUpsideDown UIInterfaceOrientationLandscapeLeft UIInterfaceOrientationLandscapeRight";
				INFOPLIST_KEY_UISupportedInterfaceOrientations_iPad = "UIInterfaceOrientationPortrait UIInterfaceOrientationPortraitUpsideDown UIInterfaceOrientationLandscapeLeft UIInterfaceOrientationLandscapeRight";
				INFOPLIST_KEY_UISupportedInterfaceOrientations_iPhone = "UIInterfaceOrientationPortrait UIInterfaceOrientationLandscapeLeft UIInterfaceOrientationLandscapeRight";
				LD_RUNPATH_SEARCH_PATHS = (
					"$(inherited)",
					"@executable_path/Frameworks",
				);
				MARKETING_VERSION = 1.0.0;
				PRODUCT_BUNDLE_IDENTIFIER = com.novachen.TravelToKeelungSwiftUI;
				PRODUCT_NAME = "基隆來企頭";
				SWIFT_EMIT_LOC_STRINGS = YES;
				SWIFT_VERSION = 5.0;
				TARGETED_DEVICE_FAMILY = "1,2";
			};
			name = Debug;
		};
		518F39A0285DDC0800B8C755 /* Release */ = {
			isa = XCBuildConfiguration;
			buildSettings = {
				ASSETCATALOG_COMPILER_APPICON_NAME = AppIcon;
				ASSETCATALOG_COMPILER_GLOBAL_ACCENT_COLOR_NAME = AccentColor;
				CODE_SIGN_STYLE = Automatic;
				CURRENT_PROJECT_VERSION = 3;
				DEVELOPMENT_ASSET_PATHS = "\"TravelToKeelungSwiftUI/Preview Content\"";
				DEVELOPMENT_TEAM = 48394HVWDA;
				ENABLE_PREVIEWS = YES;
				GENERATE_INFOPLIST_FILE = YES;
				INFOPLIST_KEY_UIApplicationSceneManifest_Generation = YES;
				INFOPLIST_KEY_UIApplicationSupportsIndirectInputEvents = YES;
				INFOPLIST_KEY_UILaunchScreen_Generation = YES;
				INFOPLIST_KEY_UISupportedInterfaceOrientations = "UIInterfaceOrientationPortrait UIInterfaceOrientationPortraitUpsideDown UIInterfaceOrientationLandscapeLeft UIInterfaceOrientationLandscapeRight";
				INFOPLIST_KEY_UISupportedInterfaceOrientations_iPad = "UIInterfaceOrientationPortrait UIInterfaceOrientationPortraitUpsideDown UIInterfaceOrientationLandscapeLeft UIInterfaceOrientationLandscapeRight";
				INFOPLIST_KEY_UISupportedInterfaceOrientations_iPhone = "UIInterfaceOrientationPortrait UIInterfaceOrientationLandscapeLeft UIInterfaceOrientationLandscapeRight";
				LD_RUNPATH_SEARCH_PATHS = (
					"$(inherited)",
					"@executable_path/Frameworks",
				);
				MARKETING_VERSION = 1.0.0;
				PRODUCT_BUNDLE_IDENTIFIER = com.novachen.TravelToKeelungSwiftUI;
				PRODUCT_NAME = "基隆來企頭";
				SWIFT_EMIT_LOC_STRINGS = YES;
				SWIFT_VERSION = 5.0;
				TARGETED_DEVICE_FAMILY = "1,2";
			};
			name = Release;
		};
/* End XCBuildConfiguration section */

/* Begin XCConfigurationList section */
		518F398B285DDC0600B8C755 /* Build configuration list for PBXProject "TravelToKeelungSwiftUI" */ = {
			isa = XCConfigurationList;
			buildConfigurations = (
				518F399C285DDC0800B8C755 /* Debug */,
				518F399D285DDC0800B8C755 /* Release */,
			);
			defaultConfigurationIsVisible = 0;
			defaultConfigurationName = Release;
		};
		518F399E285DDC0800B8C755 /* Build configuration list for PBXNativeTarget "TravelToKeelungSwiftUI" */ = {
			isa = XCConfigurationList;
			buildConfigurations = (
				518F399F285DDC0800B8C755 /* Debug */,
				518F39A0285DDC0800B8C755 /* Release */,
			);
			defaultConfigurationIsVisible = 0;
			defaultConfigurationName = Release;
		};
/* End XCConfigurationList section */

/* Begin XCRemoteSwiftPackageReference section */
		FD80C92828603B65003CAB02 /* XCRemoteSwiftPackageReference "SDWebImageSwiftUI" */ = {
			isa = XCRemoteSwiftPackageReference;
			repositoryURL = "https://github.com/SDWebImage/SDWebImageSwiftUI.git";
			requirement = {
				branch = master;
				kind = branch;
			};
		};
/* End XCRemoteSwiftPackageReference section */

/* Begin XCSwiftPackageProductDependency section */
		FD80C92928603B65003CAB02 /* SDWebImageSwiftUI */ = {
			isa = XCSwiftPackageProductDependency;
			package = FD80C92828603B65003CAB02 /* XCRemoteSwiftPackageReference "SDWebImageSwiftUI" */;
			productName = SDWebImageSwiftUI;
		};
/* End XCSwiftPackageProductDependency section */
	};
	rootObject = 518F3988285DDC0600B8C755 /* Project object */;
}
